
Microsoft Visual Studio Solution File, Format Version 12.00
# Visual Studio Version 17
VisualStudioVersion = 17.11.35327.3
MinimumVisualStudioVersion = 10.0.40219.1
Project("{9A19103F-16F7-4668-BE54-9A1E7A4F7556}") = "Domain", "Domain\Domain.csproj", "{0C54E3C5-0A95-417B-9352-3B6F8AC49F57}"
EndProject
Project("{9A19103F-16F7-4668-BE54-9A1E7A4F7556}") = "Application", "Application\Application.csproj", "{1165581B-EF8A-46E8-86F5-D742EC045230}"
EndProject
Project("{9A19103F-16F7-4668-BE54-9A1E7A4F7556}") = "Infrastructure", "Infrastructure\Infrastructure.csproj", "{A7623F4D-2A24-44EF-93CD-0CD81D887168}"
EndProject
Project("{9A19103F-16F7-4668-BE54-9A1E7A4F7556}") = "Presentation", "Presentation\Presentation.csproj", "{C600F9EB-735F-4993-9D9C-B8C58AD53BB7}"
EndProject
Global
	GlobalSection(SolutionConfigurationPlatforms) = preSolution
		Debug|Any CPU = Debug|Any CPU
		Release|Any CPU = Release|Any CPU
	EndGlobalSection
	GlobalSection(ProjectConfigurationPlatforms) = postSolution
		{0C54E3C5-0A95-417B-9352-3B6F8AC49F57}.Debug|Any CPU.ActiveCfg = Debug|Any CPU
		{0C54E3C5-0A95-417B-9352-3B6F8AC49F57}.Debug|Any CPU.Build.0 = Debug|Any CPU
		{0C54E3C5-0A95-417B-9352-3B6F8AC49F57}.Release|Any CPU.ActiveCfg = Release|Any CPU
		{0C54E3C5-0A95-417B-9352-3B6F8AC49F57}.Release|Any CPU.Build.0 = Release|Any CPU
		{1165581B-EF8A-46E8-86F5-D742EC045230}.Debug|Any CPU.ActiveCfg = Debug|Any CPU
		{1165581B-EF8A-46E8-86F5-D742EC045230}.Debug|Any CPU.Build.0 = Debug|Any CPU
		{1165581B-EF8A-46E8-86F5-D742EC045230}.Release|Any CPU.ActiveCfg = Release|Any CPU
		{1165581B-EF8A-46E8-86F5-D742EC045230}.Release|Any CPU.Build.0 = Release|Any CPU
		{A7623F4D-2A24-44EF-93CD-0CD81D887168}.Debug|Any CPU.ActiveCfg = Debug|Any CPU
		{A7623F4D-2A24-44EF-93CD-0CD81D887168}.Debug|Any CPU.Build.0 = Debug|Any CPU
		{A7623F4D-2A24-44EF-93CD-0CD81D887168}.Release|Any CPU.ActiveCfg = Release|Any CPU
		{A7623F4D-2A24-44EF-93CD-0CD81D887168}.Release|Any CPU.Build.0 = Release|Any CPU
		{C600F9EB-735F-4993-9D9C-B8C58AD53BB7}.Debug|Any CPU.ActiveCfg = Debug|Any CPU
		{C600F9EB-735F-4993-9D9C-B8C58AD53BB7}.Debug|Any CPU.Build.0 = Debug|Any CPU
		{C600F9EB-735F-4993-9D9C-B8C58AD53BB7}.Release|Any CPU.ActiveCfg = Release|Any CPU
		{C600F9EB-735F-4993-9D9C-B8C58AD53BB7}.Release|Any CPU.Build.0 = Release|Any CPU
	EndGlobalSection
	GlobalSection(SolutionProperties) = preSolution
		HideSolutionNode = FALSE
	EndGlobalSection
	GlobalSection(ExtensibilityGlobals) = postSolution
		SolutionGuid = {F5EB7465-C023-48EF-A877-085C8EC56E24}
	EndGlobalSection
EndGlobal
